
Microsoft Visual Studio Solution File, Format Version 12.00
# Visual Studio Version 16
VisualStudioVersion = 16.0.31605.320
MinimumVisualStudioVersion = 10.0.40219.1
Project("{FAE04EC0-301F-11D3-BF4B-00C04F79EFBC}") = "Homework_16", "Homework_16\Homework_16.csproj", "{65894789-17FA-4ABC-BD7E-39E9C9DAE738}"
EndProject
Global
	GlobalSection(SolutionConfigurationPlatforms) = preSolution
		Debug|Any CPU = Debug|Any CPU
		Release|Any CPU = Release|Any CPU
	EndGlobalSection
	GlobalSection(ProjectConfigurationPlatforms) = postSolution
		{65894789-17FA-4ABC-BD7E-39E9C9DAE738}.Debug|Any CPU.ActiveCfg = Debug|Any CPU
		{65894789-17FA-4ABC-BD7E-39E9C9DAE738}.Debug|Any CPU.Build.0 = Debug|Any CPU
		{65894789-17FA-4ABC-BD7E-39E9C9DAE738}.Release|Any CPU.ActiveCfg = Release|Any CPU
		{65894789-17FA-4ABC-BD7E-39E9C9DAE738}.Release|Any CPU.Build.0 = Release|Any CPU
	EndGlobalSection
	GlobalSection(SolutionProperties) = preSolution
		HideSolutionNode = FALSE
	EndGlobalSection
	GlobalSection(ExtensibilityGlobals) = postSolution
		SolutionGuid = {787433C4-DAC9-4BF0-83F6-DCC5AFCB7242}
	EndGlobalSection
EndGlobal
